
Microsoft Visual Studio Solution File, Format Version 12.00
# Visual Studio 15
Project("{FAE04EC0-301F-11D3-BF4B-00C04F79EFBC}") = "Assembly-CSharp", "Assembly-CSharp.csproj", "{B4BF3227-AD55-0145-3850-16F8C7BDD70D}"
EndProject
Project("{FAE04EC0-301F-11D3-BF4B-00C04F79EFBC}") = "Assembly-CSharp-Editor", "Assembly-CSharp-Editor.csproj", "{306D46B6-E747-5862-7BE2-39AC0BB2B832}"
EndProject
Global
	GlobalSection(SolutionConfigurationPlatforms) = preSolution
		Debug|Any CPU = Debug|Any CPU
		Release|Any CPU = Release|Any CPU
	EndGlobalSection
	GlobalSection(ProjectConfigurationPlatforms) = postSolution
		{B4BF3227-AD55-0145-3850-16F8C7BDD70D}.Debug|Any CPU.ActiveCfg = Debug|Any CPU
		{B4BF3227-AD55-0145-3850-16F8C7BDD70D}.Debug|Any CPU.Build.0 = Debug|Any CPU
		{B4BF3227-AD55-0145-3850-16F8C7BDD70D}.Release|Any CPU.ActiveCfg = Release|Any CPU
		{B4BF3227-AD55-0145-3850-16F8C7BDD70D}.Release|Any CPU.Build.0 = Release|Any CPU
		{306D46B6-E747-5862-7BE2-39AC0BB2B832}.Debug|Any CPU.ActiveCfg = Debug|Any CPU
		{306D46B6-E747-5862-7BE2-39AC0BB2B832}.Debug|Any CPU.Build.0 = Debug|Any CPU
		{306D46B6-E747-5862-7BE2-39AC0BB2B832}.Release|Any CPU.ActiveCfg = Release|Any CPU
		{306D46B6-E747-5862-7BE2-39AC0BB2B832}.Release|Any CPU.Build.0 = Release|Any CPU
	EndGlobalSection
	GlobalSection(SolutionProperties) = preSolution
		HideSolutionNode = FALSE
	EndGlobalSection
EndGlobal
